github.com/dustin/go-humanize v1.0.0 h1:VSnTsYCnlFHaM2/igO1h6X3HA71jcobQuxemgkq4zYo=
github.com/dustin/go-humanize v1.0.0/go.mod h1:HtrtbFcZ19U5GC7JDqmcUSB87Iq5E25KnS6fMYU6eOk=
github.com/u-root/u-root v6.0.1-0.20200728234108-3441aaa6cf0c+incompatible h1:vRAKYyEfhZV7SDTcaE3Cuop7tjDMOrapnBb59wVCcyE=
github.com/u-root/u-root v6.0.1-0.20200728234108-3441aaa6cf0c+incompatible/go.mod h1:RYkpo8pTHrNjW08opNd/U6p/RJE7K0D8fXO0d47+3YY=
golang.org/x/sys v0.0.0-20200728102440-3e129f6d46b1 h1:sIky/MyNRSHTrdxfsiUSS4WIAMvInbeXljJz+jDjeYE=
golang.org/x/sys v0.0.0-20200728102440-3e129f6d46b1/go.mod h1:h1NjWce9XRLGQEsW7wpKNCjG9DtNlClVuFLEZdDNbEs=
